
Microsoft Visual Studio Solution File, Format Version 12.00
# Visual Studio Version 17
VisualStudioVersion = 17.12.35527.113
MinimumVisualStudioVersion = 10.0.40219.1
Project("{2150E333-8FDC-42A3-9474-1A3956D46DE8}") = "src", "src", "{185EF2D1-9612-4EF6-88F2-088F8F86CC53}"
EndProject
Project("{2150E333-8FDC-42A3-9474-1A3956D46DE8}") = "test", "test", "{240BAA43-F0C3-4B23-A52C-EAFC1D645137}"
EndProject
Project("{2150E333-8FDC-42A3-9474-1A3956D46DE8}") = "01.Core", "01.Core", "{7233F13B-AFE4-4F8D-8D32-237BD0FA7151}"
EndProject
Project("{2150E333-8FDC-42A3-9474-1A3956D46DE8}") = "02.Infra", "02.Infra", "{4516D85F-1F87-4492-B4D8-44D99B879C42}"
EndProject
Project("{2150E333-8FDC-42A3-9474-1A3956D46DE8}") = "03.Endpoints", "03.Endpoints", "{6B49B97D-130F-46D5-848B-02183AE8A077}"
EndProject
Project("{FAE04EC0-301F-11D3-BF4B-00C04F79EFBC}") = "OnlineShop.Store.Core.ApplicationServices", "src\01.Core\OnlineShop.Store.Core.ApplicationServices\OnlineShop.Store.Core.ApplicationServices.csproj", "{4EDDBCBB-690A-4B48-967D-818785B6AE53}"
EndProject
Project("{FAE04EC0-301F-11D3-BF4B-00C04F79EFBC}") = "OnlineShop.Store.Core.Domain", "src\01.Core\OnlineShop.Store.Core.Domain\OnlineShop.Store.Core.Domain.csproj", "{6D8CC03E-14FB-4D87-91D4-189418A78E6A}"
EndProject
Project("{2150E333-8FDC-42A3-9474-1A3956D46DE8}") = "Data", "Data", "{2F4ACCA4-9A86-41BF-8143-64C8FA350276}"
EndProject
Project("{FAE04EC0-301F-11D3-BF4B-00C04F79EFBC}") = "OnlineShop.Store.Infra.Data.Sql.Commands", "src\02.Infra\Data\OnlineShop.Store.Infra.Data.Sql.Commands\OnlineShop.Store.Infra.Data.Sql.Commands.csproj", "{6038F1BE-5EB6-45A6-9B4F-00CE44DCDA26}"
EndProject
Project("{FAE04EC0-301F-11D3-BF4B-00C04F79EFBC}") = "OnlineShop.Store.Infra.Data.Sql.Queries", "src\02.Infra\Data\OnlineShop.Store.Infra.Data.Sql.Queries\OnlineShop.Store.Infra.Data.Sql.Queries.csproj", "{DC12296C-1461-49B1-8E99-AB84C17D22E6}"
EndProject
Project("{FAE04EC0-301F-11D3-BF4B-00C04F79EFBC}") = "OnlineShop.Store.Endpoints.HostedService", "src\03.Endpoints\OnlineShop.Store.Endpoints.HostedService\OnlineShop.Store.Endpoints.HostedService.csproj", "{93C451C1-8264-49A9-A43D-E4A687E15131}"
EndProject
Global
	GlobalSection(SolutionConfigurationPlatforms) = preSolution
		Debug|Any CPU = Debug|Any CPU
		Release|Any CPU = Release|Any CPU
	EndGlobalSection
	GlobalSection(ProjectConfigurationPlatforms) = postSolution
		{4EDDBCBB-690A-4B48-967D-818785B6AE53}.Debug|Any CPU.ActiveCfg = Debug|Any CPU
		{4EDDBCBB-690A-4B48-967D-818785B6AE53}.Debug|Any CPU.Build.0 = Debug|Any CPU
		{4EDDBCBB-690A-4B48-967D-818785B6AE53}.Release|Any CPU.ActiveCfg = Release|Any CPU
		{4EDDBCBB-690A-4B48-967D-818785B6AE53}.Release|Any CPU.Build.0 = Release|Any CPU
		{6D8CC03E-14FB-4D87-91D4-189418A78E6A}.Debug|Any CPU.ActiveCfg = Debug|Any CPU
		{6D8CC03E-14FB-4D87-91D4-189418A78E6A}.Debug|Any CPU.Build.0 = Debug|Any CPU
		{6D8CC03E-14FB-4D87-91D4-189418A78E6A}.Release|Any CPU.ActiveCfg = Release|Any CPU
		{6D8CC03E-14FB-4D87-91D4-189418A78E6A}.Release|Any CPU.Build.0 = Release|Any CPU
		{6038F1BE-5EB6-45A6-9B4F-00CE44DCDA26}.Debug|Any CPU.ActiveCfg = Debug|Any CPU
		{6038F1BE-5EB6-45A6-9B4F-00CE44DCDA26}.Debug|Any CPU.Build.0 = Debug|Any CPU
		{6038F1BE-5EB6-45A6-9B4F-00CE44DCDA26}.Release|Any CPU.ActiveCfg = Release|Any CPU
		{6038F1BE-5EB6-45A6-9B4F-00CE44DCDA26}.Release|Any CPU.Build.0 = Release|Any CPU
		{DC12296C-1461-49B1-8E99-AB84C17D22E6}.Debug|Any CPU.ActiveCfg = Debug|Any CPU
		{DC12296C-1461-49B1-8E99-AB84C17D22E6}.Debug|Any CPU.Build.0 = Debug|Any CPU
		{DC12296C-1461-49B1-8E99-AB84C17D22E6}.Release|Any CPU.ActiveCfg = Release|Any CPU
		{DC12296C-1461-49B1-8E99-AB84C17D22E6}.Release|Any CPU.Build.0 = Release|Any CPU
		{93C451C1-8264-49A9-A43D-E4A687E15131}.Debug|Any CPU.ActiveCfg = Debug|Any CPU
		{93C451C1-8264-49A9-A43D-E4A687E15131}.Debug|Any CPU.Build.0 = Debug|Any CPU
		{93C451C1-8264-49A9-A43D-E4A687E15131}.Release|Any CPU.ActiveCfg = Release|Any CPU
		{93C451C1-8264-49A9-A43D-E4A687E15131}.Release|Any CPU.Build.0 = Release|Any CPU
	EndGlobalSection
	GlobalSection(SolutionProperties) = preSolution
		HideSolutionNode = FALSE
	EndGlobalSection
	GlobalSection(NestedProjects) = preSolution
		{7233F13B-AFE4-4F8D-8D32-237BD0FA7151} = {185EF2D1-9612-4EF6-88F2-088F8F86CC53}
		{4516D85F-1F87-4492-B4D8-44D99B879C42} = {185EF2D1-9612-4EF6-88F2-088F8F86CC53}
		{6B49B97D-130F-46D5-848B-02183AE8A077} = {185EF2D1-9612-4EF6-88F2-088F8F86CC53}
		{4EDDBCBB-690A-4B48-967D-818785B6AE53} = {7233F13B-AFE4-4F8D-8D32-237BD0FA7151}
		{6D8CC03E-14FB-4D87-91D4-189418A78E6A} = {7233F13B-AFE4-4F8D-8D32-237BD0FA7151}
		{2F4ACCA4-9A86-41BF-8143-64C8FA350276} = {4516D85F-1F87-4492-B4D8-44D99B879C42}
		{6038F1BE-5EB6-45A6-9B4F-00CE44DCDA26} = {2F4ACCA4-9A86-41BF-8143-64C8FA350276}
		{DC12296C-1461-49B1-8E99-AB84C17D22E6} = {2F4ACCA4-9A86-41BF-8143-64C8FA350276}
		{93C451C1-8264-49A9-A43D-E4A687E15131} = {6B49B97D-130F-46D5-848B-02183AE8A077}
	EndGlobalSection
EndGlobal
